// !$*UTF8*$!
{
	archiveVersion = 1;
	classes = {
	};
	objectVersion = 56;
	objects = {

/* Begin PBXBuildFile section */
		5A4C08932BAB1DAF006BB5C0 /* KeyChainSampleApp.swift in Sources */ = {isa = PBXBuildFile; fileRef = 5A4C08922BAB1DAF006BB5C0 /* KeyChainSampleApp.swift */; };
		5A4C08952BAB1DAF006BB5C0 /* ContentView.swift in Sources */ = {isa = PBXBuildFile; fileRef = 5A4C08942BAB1DAF006BB5C0 /* ContentView.swift */; };
		5A4C08972BAB1DB0006BB5C0 /* Assets.xcassets in Resources */ = {isa = PBXBuildFile; fileRef = 5A4C08962BAB1DB0006BB5C0 /* Assets.xcassets */; };
		5A4C089A2BAB1DB0006BB5C0 /* Preview Assets.xcassets in Resources */ = {isa = PBXBuildFile; fileRef = 5A4C08992BAB1DB0006BB5C0 /* Preview Assets.xcassets */; };
		5A4C08A42BAB1DB0006BB5C0 /* KeyChainSampleTests.swift in Sources */ = {isa = PBXBuildFile; fileRef = 5A4C08A32BAB1DB0006BB5C0 /* KeyChainSampleTests.swift */; };
		5A4C08AE2BAB1DB0006BB5C0 /* KeyChainSampleUITests.swift in Sources */ = {isa = PBXBuildFile; fileRef = 5A4C08AD2BAB1DB0006BB5C0 /* KeyChainSampleUITests.swift */; };
		5A4C08B02BAB1DB0006BB5C0 /* KeyChainSampleUITestsLaunchTests.swift in Sources */ = {isa = PBXBuildFile; fileRef = 5A4C08AF2BAB1DB0006BB5C0 /* KeyChainSampleUITestsLaunchTests.swift */; };
		5A4C08BE2BAB1DF4006BB5C0 /* KeyChainHelper.swift in Sources */ = {isa = PBXBuildFile; fileRef = 5A4C08BD2BAB1DF4006BB5C0 /* KeyChainHelper.swift */; };
		5A4C08C12BAB2409006BB5C0 /* ContentViewModel.swift in Sources */ = {isa = PBXBuildFile; fileRef = 5A4C08C02BAB2409006BB5C0 /* ContentViewModel.swift */; };
		5A4C08C42BAB468B006BB5C0 /* KeyChainErrors.swift in Sources */ = {isa = PBXBuildFile; fileRef = 5A4C08C32BAB468B006BB5C0 /* KeyChainErrors.swift */; };
/* End PBXBuildFile section */

/* Begin PBXContainerItemProxy section */
		5A4C08A02BAB1DB0006BB5C0 /* PBXContainerItemProxy */ = {
			isa = PBXContainerItemProxy;
			containerPortal = 5A4C08872BAB1DAF006BB5C0 /* Project object */;
			proxyType = 1;
			remoteGlobalIDString = 5A4C088E2BAB1DAF006BB5C0;
			remoteInfo = KeyChainSample;
		};
		5A4C08AA2BAB1DB0006BB5C0 /* PBXContainerItemProxy */ = {
			isa = PBXContainerItemProxy;
			containerPortal = 5A4C08872BAB1DAF006BB5C0 /* Project object */;
			proxyType = 1;
			remoteGlobalIDString = 5A4C088E2BAB1DAF006BB5C0;
			remoteInfo = KeyChainSample;
		};
/* End PBXContainerItemProxy section */

/* Begin PBXFileReference section */
		5A4C088F2BAB1DAF006BB5C0 /* KeyChainSample.app */ = {isa = PBXFileReference; explicitFileType = wrapper.application; includeInIndex = 0; path = KeyChainSample.app; sourceTree = BUILT_PRODUCTS_DIR; };
		5A4C08922BAB1DAF006BB5C0 /* KeyChainSampleApp.swift */ = {isa = PBXFileReference; lastKnownFileType = sourcecode.swift; path = KeyChainSampleApp.swift; sourceTree = "<group>"; };
		5A4C08942BAB1DAF006BB5C0 /* ContentView.swift */ = {isa = PBXFileReference; lastKnownFileType = sourcecode.swift; path = ContentView.swift; sourceTree = "<group>"; };
		5A4C08962BAB1DB0006BB5C0 /* Assets.xcassets */ = {isa = PBXFileReference; lastKnownFileType = folder.assetcatalog; path = Assets.xcassets; sourceTree = "<group>"; };
		5A4C08992BAB1DB0006BB5C0 /* Preview Assets.xcassets */ = {isa = PBXFileReference; lastKnownFileType = folder.assetcatalog; path = "Preview Assets.xcassets"; sourceTree = "<group>"; };
		5A4C089F2BAB1DB0006BB5C0 /* KeyChainSampleTests.xctest */ = {isa = PBXFileReference; explicitFileType = wrapper.cfbundle; includeInIndex = 0; path = KeyChainSampleTests.xctest; sourceTree = BUILT_PRODUCTS_DIR; };
		5A4C08A32BAB1DB0006BB5C0 /* KeyChainSampleTests.swift */ = {isa = PBXFileReference; lastKnownFileType = sourcecode.swift; path = KeyChainSampleTests.swift; sourceTree = "<group>"; };
		5A4C08A92BAB1DB0006BB5C0 /* KeyChainSampleUITests.xctest */ = {isa = PBXFileReference; explicitFileType = wrapper.cfbundle; includeInIndex = 0; path = KeyChainSampleUITests.xctest; sourceTree = BUILT_PRODUCTS_DIR; };
		5A4C08AD2BAB1DB0006BB5C0 /* KeyChainSampleUITests.swift */ = {isa = PBXFileReference; lastKnownFileType = sourcecode.swift; path = KeyChainSampleUITests.swift; sourceTree = "<group>"; };
		5A4C08AF2BAB1DB0006BB5C0 /* KeyChainSampleUITestsLaunchTests.swift */ = {isa = PBXFileReference; lastKnownFileType = sourcecode.swift; path = KeyChainSampleUITestsLaunchTests.swift; sourceTree = "<group>"; };
		5A4C08BD2BAB1DF4006BB5C0 /* KeyChainHelper.swift */ = {isa = PBXFileReference; lastKnownFileType = sourcecode.swift; path = KeyChainHelper.swift; sourceTree = "<group>"; };
		5A4C08C02BAB2409006BB5C0 /* ContentViewModel.swift */ = {isa = PBXFileReference; lastKnownFileType = sourcecode.swift; path = ContentViewModel.swift; sourceTree = "<group>"; };
		5A4C08C32BAB468B006BB5C0 /* KeyChainErrors.swift */ = {isa = PBXFileReference; lastKnownFileType = sourcecode.swift; path = KeyChainErrors.swift; sourceTree = "<group>"; };
/* End PBXFileReference section */

/* Begin PBXFrameworksBuildPhase section */
		5A4C088C2BAB1DAF006BB5C0 /* Frameworks */ = {
			isa = PBXFrameworksBuildPhase;
			buildActionMask = 2147483647;
			files = (
			);
			runOnlyForDeploymentPostprocessing = 0;
		};
		5A4C089C2BAB1DB0006BB5C0 /* Frameworks */ = {
			isa = PBXFrameworksBuildPhase;
			buildActionMask = 2147483647;
			files = (
			);
			runOnlyForDeploymentPostprocessing = 0;
		};
		5A4C08A62BAB1DB0006BB5C0 /* Frameworks */ = {
			isa = PBXFrameworksBuildPhase;
			buildActionMask = 2147483647;
			files = (
			);
			runOnlyForDeploymentPostprocessing = 0;
		};
/* End PBXFrameworksBuildPhase section */

/* Begin PBXGroup section */
		5A4C08862BAB1DAF006BB5C0 = {
			isa = PBXGroup;
			children = (
				5A4C08912BAB1DAF006BB5C0 /* KeyChainSample */,
				5A4C08A22BAB1DB0006BB5C0 /* KeyChainSampleTests */,
				5A4C08AC2BAB1DB0006BB5C0 /* KeyChainSampleUITests */,
				5A4C08902BAB1DAF006BB5C0 /* Products */,
			);
			sourceTree = "<group>";
		};
		5A4C08902BAB1DAF006BB5C0 /* Products */ = {
			isa = PBXGroup;
			children = (
				5A4C088F2BAB1DAF006BB5C0 /* KeyChainSample.app */,
				5A4C089F2BAB1DB0006BB5C0 /* KeyChainSampleTests.xctest */,
				5A4C08A92BAB1DB0006BB5C0 /* KeyChainSampleUITests.xctest */,
			);
			name = Products;
			sourceTree = "<group>";
		};
		5A4C08912BAB1DAF006BB5C0 /* KeyChainSample */ = {
			isa = PBXGroup;
			children = (
				5A4C08922BAB1DAF006BB5C0 /* KeyChainSampleApp.swift */,
				5A4C08BC2BAB1DCB006BB5C0 /* View */,
				5A4C08C22BAB2413006BB5C0 /* ViewModel */,
				5A4C08BF2BAB1E00006BB5C0 /* Model */,
				5A4C08962BAB1DB0006BB5C0 /* Assets.xcassets */,
				5A4C08982BAB1DB0006BB5C0 /* Preview Content */,
			);
			path = KeyChainSample;
			sourceTree = "<group>";
		};
		5A4C08982BAB1DB0006BB5C0 /* Preview Content */ = {
			isa = PBXGroup;
			children = (
				5A4C08992BAB1DB0006BB5C0 /* Preview Assets.xcassets */,
			);
			path = "Preview Content";
			sourceTree = "<group>";
		};
		5A4C08A22BAB1DB0006BB5C0 /* KeyChainSampleTests */ = {
			isa = PBXGroup;
			children = (
				5A4C08A32BAB1DB0006BB5C0 /* KeyChainSampleTests.swift */,
			);
			path = KeyChainSampleTests;
			sourceTree = "<group>";
		};
		5A4C08AC2BAB1DB0006BB5C0 /* KeyChainSampleUITests */ = {
			isa = PBXGroup;
			children = (
				5A4C08AD2BAB1DB0006BB5C0 /* KeyChainSampleUITests.swift */,
				5A4C08AF2BAB1DB0006BB5C0 /* KeyChainSampleUITestsLaunchTests.swift */,
			);
			path = KeyChainSampleUITests;
			sourceTree = "<group>";
		};
		5A4C08BC2BAB1DCB006BB5C0 /* View */ = {
			isa = PBXGroup;
			children = (
				5A4C08942BAB1DAF006BB5C0 /* ContentView.swift */,
			);
			path = View;
			sourceTree = "<group>";
		};
		5A4C08BF2BAB1E00006BB5C0 /* Model */ = {
			isa = PBXGroup;
			children = (
				5A4C08BD2BAB1DF4006BB5C0 /* KeyChainHelper.swift */,
				5A4C08C32BAB468B006BB5C0 /* KeyChainErrors.swift */,
			);
			path = Model;
			sourceTree = "<group>";
		};
		5A4C08C22BAB2413006BB5C0 /* ViewModel */ = {
			isa = PBXGroup;
			children = (
				5A4C08C02BAB2409006BB5C0 /* ContentViewModel.swift */,
			);
			path = ViewModel;
			sourceTree = "<group>";
		};
/* End PBXGroup section */

/* Begin PBXNativeTarget section */
		5A4C088E2BAB1DAF006BB5C0 /* KeyChainSample */ = {
			isa = PBXNativeTarget;
			buildConfigurationList = 5A4C08B32BAB1DB0006BB5C0 /* Build configuration list for PBXNativeTarget "KeyChainSample" */;
			buildPhases = (
				5A4C088B2BAB1DAF006BB5C0 /* Sources */,
				5A4C088C2BAB1DAF006BB5C0 /* Frameworks */,
				5A4C088D2BAB1DAF006BB5C0 /* Resources */,
			);
			buildRules = (
			);
			dependencies = (
			);
			name = KeyChainSample;
			productName = KeyChainSample;
			productReference = 5A4C088F2BAB1DAF006BB5C0 /* KeyChainSample.app */;
			productType = "com.apple.product-type.application";
		};
		5A4C089E2BAB1DB0006BB5C0 /* KeyChainSampleTests */ = {
			isa = PBXNativeTarget;
			buildConfigurationList = 5A4C08B62BAB1DB0006BB5C0 /* Build configuration list for PBXNativeTarget "KeyChainSampleTests" */;
			buildPhases = (
				5A4C089B2BAB1DB0006BB5C0 /* Sources */,
				5A4C089C2BAB1DB0006BB5C0 /* Frameworks */,
				5A4C089D2BAB1DB0006BB5C0 /* Resources */,
			);
			buildRules = (
			);
			dependencies = (
				5A4C08A12BAB1DB0006BB5C0 /* PBXTargetDependency */,
			);
			name = KeyChainSampleTests;
			productName = KeyChainSampleTests;
			productReference = 5A4C089F2BAB1DB0006BB5C0 /* KeyChainSampleTests.xctest */;
			productType = "com.apple.product-type.bundle.unit-test";
		};
		5A4C08A82BAB1DB0006BB5C0 /* KeyChainSampleUITests */ = {
			isa = PBXNativeTarget;
			buildConfigurationList = 5A4C08B92BAB1DB0006BB5C0 /* Build configuration list for PBXNativeTarget "KeyChainSampleUITests" */;
			buildPhases = (
				5A4C08A52BAB1DB0006BB5C0 /* Sources */,
				5A4C08A62BAB1DB0006BB5C0 /* Frameworks */,
				5A4C08A72BAB1DB0006BB5C0 /* Resources */,
			);
			buildRules = (
			);
			dependencies = (
				5A4C08AB2BAB1DB0006BB5C0 /* PBXTargetDependency */,
			);
			name = KeyChainSampleUITests;
			productName = KeyChainSampleUITests;
			productReference = 5A4C08A92BAB1DB0006BB5C0 /* KeyChainSampleUITests.xctest */;
			productType = "com.apple.product-type.bundle.ui-testing";
		};
/* End PBXNativeTarget section */

/* Begin PBXProject section */
		5A4C08872BAB1DAF006BB5C0 /* Project object */ = {
			isa = PBXProject;
			attributes = {
				BuildIndependentTargetsInParallel = 1;
				LastSwiftUpdateCheck = 1510;
				LastUpgradeCheck = 1510;
				TargetAttributes = {
					5A4C088E2BAB1DAF006BB5C0 = {
						CreatedOnToolsVersion = 15.1;
					};
					5A4C089E2BAB1DB0006BB5C0 = {
						CreatedOnToolsVersion = 15.1;
						TestTargetID = 5A4C088E2BAB1DAF006BB5C0;
					};
					5A4C08A82BAB1DB0006BB5C0 = {
						CreatedOnToolsVersion = 15.1;
						TestTargetID = 5A4C088E2BAB1DAF006BB5C0;
					};
				};
			};
			buildConfigurationList = 5A4C088A2BAB1DAF006BB5C0 /* Build configuration list for PBXProject "KeyChainSample" */;
			compatibilityVersion = "Xcode 14.0";
			developmentRegion = en;
			hasScannedForEncodings = 0;
			knownRegions = (
				en,
				Base,
			);
			mainGroup = 5A4C08862BAB1DAF006BB5C0;
			productRefGroup = 5A4C08902BAB1DAF006BB5C0 /* Products */;
			projectDirPath = "";
			projectRoot = "";
			targets = (
				5A4C088E2BAB1DAF006BB5C0 /* KeyChainSample */,
				5A4C089E2BAB1DB0006BB5C0 /* KeyChainSampleTests */,
				5A4C08A82BAB1DB0006BB5C0 /* KeyChainSampleUITests */,
			);
		};
/* End PBXProject section */

/* Begin PBXResourcesBuildPhase section */
		5A4C088D2BAB1DAF006BB5C0 /* Resources */ = {
			isa = PBXResourcesBuildPhase;
			buildActionMask = 2147483647;
			files = (
				5A4C089A2BAB1DB0006BB5C0 /* Preview Assets.xcassets in Resources */,
				5A4C08972BAB1DB0006BB5C0 /* Assets.xcassets in Resources */,
			);
			runOnlyForDeploymentPostprocessing = 0;
		};
		5A4C089D2BAB1DB0006BB5C0 /* Resources */ = {
			isa = PBXResourcesBuildPhase;
			buildActionMask = 2147483647;
			files = (
			);
			runOnlyForDeploymentPostprocessing = 0;
		};
		5A4C08A72BAB1DB0006BB5C0 /* Resources */ = {
			isa = PBXResourcesBuildPhase;
			buildActionMask = 2147483647;
			files = (
			);
			runOnlyForDeploymentPostprocessing = 0;
		};
/* End PBXResourcesBuildPhase section */

/* Begin PBXSourcesBuildPhase section */
		5A4C088B2BAB1DAF006BB5C0 /* Sources */ = {
			isa = PBXSourcesBuildPhase;
			buildActionMask = 2147483647;
			files = (
				5A4C08C12BAB2409006BB5C0 /* ContentViewModel.swift in Sources */,
				5A4C08BE2BAB1DF4006BB5C0 /* KeyChainHelper.swift in Sources */,
				5A4C08952BAB1DAF006BB5C0 /* ContentView.swift in Sources */,
				5A4C08C42BAB468B006BB5C0 /* KeyChainErrors.swift in Sources */,
				5A4C08932BAB1DAF006BB5C0 /* KeyChainSampleApp.swift in Sources */,
			);
			runOnlyForDeploymentPostprocessing = 0;
		};
		5A4C089B2BAB1DB0006BB5C0 /* Sources */ = {
			isa = PBXSourcesBuildPhase;
			buildActionMask = 2147483647;
			files = (
				5A4C08A42BAB1DB0006BB5C0 /* KeyChainSampleTests.swift in Sources */,
			);
			runOnlyForDeploymentPostprocessing = 0;
		};
		5A4C08A52BAB1DB0006BB5C0 /* Sources */ = {
			isa = PBXSourcesBuildPhase;
			buildActionMask = 2147483647;
			files = (
				5A4C08B02BAB1DB0006BB5C0 /* KeyChainSampleUITestsLaunchTests.swift in Sources */,
				5A4C08AE2BAB1DB0006BB5C0 /* KeyChainSampleUITests.swift in Sources */,
			);
			runOnlyForDeploymentPostprocessing = 0;
		};
/* End PBXSourcesBuildPhase section */

/* Begin PBXTargetDependency section */
		5A4C08A12BAB1DB0006BB5C0 /* PBXTargetDependency */ = {
			isa = PBXTargetDependency;
			target = 5A4C088E2BAB1DAF006BB5C0 /* KeyChainSample */;
			targetProxy = 5A4C08A02BAB1DB0006BB5C0 /* PBXContainerItemProxy */;
		};
		5A4C08AB2BAB1DB0006BB5C0 /* PBXTargetDependency */ = {
			isa = PBXTargetDependency;
			target = 5A4C088E2BAB1DAF006BB5C0 /* KeyChainSample */;
			targetProxy = 5A4C08AA2BAB1DB0006BB5C0 /* PBXContainerItemProxy */;
		};
/* End PBXTargetDependency section */

/* Begin XCBuildConfiguration section */
		5A4C08B12BAB1DB0006BB5C0 /* Debug */ = {
			isa = XCBuildConfiguration;
			buildSettings = {
				ALWAYS_SEARCH_USER_PATHS = NO;
				ASSETCATALOG_COMPILER_GENERATE_SWIFT_ASSET_SYMBOL_EXTENSIONS = YES;
				CLANG_ANALYZER_NONNULL = YES;
				CLANG_ANALYZER_NUMBER_OBJECT_CONVERSION = YES_AGGRESSIVE;
				CLANG_CXX_LANGUAGE_STANDARD = "gnu++20";
				CLANG_ENABLE_MODULES = YES;
				CLANG_ENABLE_OBJC_ARC = YES;
				CLANG_ENABLE_OBJC_WEAK = YES;
				CLANG_WARN_BLOCK_CAPTURE_AUTORELEASING = YES;
				CLANG_WARN_BOOL_CONVERSION = YES;
				CLANG_WARN_COMMA = YES;
				CLANG_WARN_CONSTANT_CONVERSION = YES;
				CLANG_WARN_DEPRECATED_OBJC_IMPLEMENTATIONS = YES;
				CLANG_WARN_DIRECT_OBJC_ISA_USAGE = YES_ERROR;
				CLANG_WARN_DOCUMENTATION_COMMENTS = YES;
				CLANG_WARN_EMPTY_BODY = YES;
				CLANG_WARN_ENUM_CONVERSION = YES;
				CLANG_WARN_INFINITE_RECURSION = YES;
				CLANG_WARN_INT_CONVERSION = YES;
				CLANG_WARN_NON_LITERAL_NULL_CONVERSION = YES;
				CLANG_WARN_OBJC_IMPLICIT_RETAIN_SELF = YES;
				CLANG_WARN_OBJC_LITERAL_CONVERSION = YES;
				CLANG_WARN_OBJC_ROOT_CLASS = YES_ERROR;
				CLANG_WARN_QUOTED_INCLUDE_IN_FRAMEWORK_HEADER = YES;
				CLANG_WARN_RANGE_LOOP_ANALYSIS = YES;
				CLANG_WARN_STRICT_PROTOTYPES = YES;
				CLANG_WARN_SUSPICIOUS_MOVE = YES;
				CLANG_WARN_UNGUARDED_AVAILABILITY = YES_AGGRESSIVE;
				CLANG_WARN_UNREACHABLE_CODE = YES;
				CLANG_WARN__DUPLICATE_METHOD_MATCH = YES;
				COPY_PHASE_STRIP = NO;
				DEBUG_INFORMATION_FORMAT = dwarf;
				ENABLE_STRICT_OBJC_MSGSEND = YES;
				ENABLE_TESTABILITY = YES;
				ENABLE_USER_SCRIPT_SANDBOXING = YES;
				GCC_C_LANGUAGE_STANDARD = gnu17;
				GCC_DYNAMIC_NO_PIC = NO;
				GCC_NO_COMMON_BLOCKS = YES;
				GCC_OPTIMIZATION_LEVEL = 0;
				GCC_PREPROCESSOR_DEFINITIONS = (
					"DEBUG=1",
					"$(inherited)",
				);
				GCC_WARN_64_TO_32_BIT_CONVERSION = YES;
				GCC_WARN_ABOUT_RETURN_TYPE = YES_ERROR;
				GCC_WARN_UNDECLARED_SELECTOR = YES;
				GCC_WARN_UNINITIALIZED_AUTOS = YES_AGGRESSIVE;
				GCC_WARN_UNUSED_FUNCTION = YES;
				GCC_WARN_UNUSED_VARIABLE = YES;
				IPHONEOS_DEPLOYMENT_TARGET = 17.2;
				LOCALIZATION_PREFERS_STRING_CATALOGS = YES;
				MTL_ENABLE_DEBUG_INFO = INCLUDE_SOURCE;
				MTL_FAST_MATH = YES;
				ONLY_ACTIVE_ARCH = YES;
				SDKROOT = iphoneos;
				SWIFT_ACTIVE_COMPILATION_CONDITIONS = "DEBUG $(inherited)";
				SWIFT_OPTIMIZATION_LEVEL = "-Onone";
			};
			name = Debug;
		};
		5A4C08B22BAB1DB0006BB5C0 /* Release */ = {
			isa = XCBuildConfiguration;
			buildSettings = {
				ALWAYS_SEARCH_USER_PATHS = NO;
				ASSETCATALOG_COMPILER_GENERATE_SWIFT_ASSET_SYMBOL_EXTENSIONS = YES;
				CLANG_ANALYZER_NONNULL = YES;
				CLANG_ANALYZER_NUMBER_OBJECT_CONVERSION = YES_AGGRESSIVE;
				CLANG_CXX_LANGUAGE_STANDARD = "gnu++20";
				CLANG_ENABLE_MODULES = YES;
				CLANG_ENABLE_OBJC_ARC = YES;
				CLANG_ENABLE_OBJC_WEAK = YES;
				CLANG_WARN_BLOCK_CAPTURE_AUTORELEASING = YES;
				CLANG_WARN_BOOL_CONVERSION = YES;
				CLANG_WARN_COMMA = YES;
				CLANG_WARN_CONSTANT_CONVERSION = YES;
				CLANG_WARN_DEPRECATED_OBJC_IMPLEMENTATIONS = YES;
				CLANG_WARN_DIRECT_OBJC_ISA_USAGE = YES_ERROR;
				CLANG_WARN_DOCUMENTATION_COMMENTS = YES;
				CLANG_WARN_EMPTY_BODY = YES;
				CLANG_WARN_ENUM_CONVERSION = YES;
				CLANG_WARN_INFINITE_RECURSION = YES;
				CLANG_WARN_INT_CONVERSION = YES;
				CLANG_WARN_NON_LITERAL_NULL_CONVERSION = YES;
				CLANG_WARN_OBJC_IMPLICIT_RETAIN_SELF = YES;
				CLANG_WARN_OBJC_LITERAL_CONVERSION = YES;
				CLANG_WARN_OBJC_ROOT_CLASS = YES_ERROR;
				CLANG_WARN_QUOTED_INCLUDE_IN_FRAMEWORK_HEADER = YES;
				CLANG_WARN_RANGE_LOOP_ANALYSIS = YES;
				CLANG_WARN_STRICT_PROTOTYPES = YES;
				CLANG_WARN_SUSPICIOUS_MOVE = YES;
				CLANG_WARN_UNGUARDED_AVAILABILITY = YES_AGGRESSIVE;
				CLANG_WARN_UNREACHABLE_CODE = YES;
				CLANG_WARN__DUPLICATE_METHOD_MATCH = YES;
				COPY_PHASE_STRIP = NO;
				DEBUG_INFORMATION_FORMAT = "dwarf-with-dsym";
				ENABLE_NS_ASSERTIONS = NO;
				ENABLE_STRICT_OBJC_MSGSEND = YES;
				ENABLE_USER_SCRIPT_SANDBOXING = YES;
				GCC_C_LANGUAGE_STANDARD = gnu17;
				GCC_NO_COMMON_BLOCKS = YES;
				GCC_WARN_64_TO_32_BIT_CONVERSION = YES;
				GCC_WARN_ABOUT_RETURN_TYPE = YES_ERROR;
				GCC_WARN_UNDECLARED_SELECTOR = YES;
				GCC_WARN_UNINITIALIZED_AUTOS = YES_AGGRESSIVE;
				GCC_WARN_UNUSED_FUNCTION = YES;
				GCC_WARN_UNUSED_VARIABLE = YES;
				IPHONEOS_DEPLOYMENT_TARGET = 17.2;
				LOCALIZATION_PREFERS_STRING_CATALOGS = YES;
				MTL_ENABLE_DEBUG_INFO = NO;
				MTL_FAST_MATH = YES;
				SDKROOT = iphoneos;
				SWIFT_COMPILATION_MODE = wholemodule;
				VALIDATE_PRODUCT = YES;
			};
			name = Release;
		};
		5A4C08B42BAB1DB0006BB5C0 /* Debug */ = {
			isa = XCBuildConfiguration;
			buildSettings = {
				ASSETCATALOG_COMPILER_APPICON_NAME = AppIcon;
				ASSETCATALOG_COMPILER_GLOBAL_ACCENT_COLOR_NAME = AccentColor;
				CODE_SIGN_STYLE = Automatic;
				CURRENT_PROJECT_VERSION = 1;
				DEVELOPMENT_ASSET_PATHS = "\"KeyChainSample/Preview Content\"";
				DEVELOPMENT_TEAM = VQ2YTWN4JZ;
				ENABLE_PREVIEWS = YES;
				GENERATE_INFOPLIST_FILE = YES;
				INFOPLIST_KEY_UIApplicationSceneManifest_Generation = YES;
				INFOPLIST_KEY_UIApplicationSupportsIndirectInputEvents = YES;
				INFOPLIST_KEY_UILaunchScreen_Generation = YES;
				INFOPLIST_KEY_UISupportedInterfaceOrientations_iPad = "UIInterfaceOrientationPortrait UIInterfaceOrientationPortraitUpsideDown UIInterfaceOrientationLandscapeLeft UIInterfaceOrientationLandscapeRight";
				INFOPLIST_KEY_UISupportedInterfaceOrientations_iPhone = "UIInterfaceOrientationPortrait UIInterfaceOrientationLandscapeLeft UIInterfaceOrientationLandscapeRight";
				IPHONEOS_DEPLOYMENT_TARGET = 17.0;
				LD_RUNPATH_SEARCH_PATHS = (
					"$(inherited)",
					"@executable_path/Frameworks",
				);
				MARKETING_VERSION = 1.0;
				PRODUCT_BUNDLE_IDENTIFIER = jp.ac.jec.cm2320.KeyChainSample;
				PRODUCT_NAME = "$(TARGET_NAME)";
				SWIFT_EMIT_LOC_STRINGS = YES;
				SWIFT_VERSION = 5.0;
				TARGETED_DEVICE_FAMILY = "1,2";
			};
			name = Debug;
		};
		5A4C08B52BAB1DB0006BB5C0 /* Release */ = {
			isa = XCBuildConfiguration;
			buildSettings = {
				ASSETCATALOG_COMPILER_APPICON_NAME = AppIcon;
				ASSETCATALOG_COMPILER_GLOBAL_ACCENT_COLOR_NAME = AccentColor;
				CODE_SIGN_STYLE = Automatic;
				CURRENT_PROJECT_VERSION = 1;
				DEVELOPMENT_ASSET_PATHS = "\"KeyChainSample/Preview Content\"";
				DEVELOPMENT_TEAM = VQ2YTWN4JZ;
				ENABLE_PREVIEWS = YES;
				GENERATE_INFOPLIST_FILE = YES;
				INFOPLIST_KEY_UIApplicationSceneManifest_Generation = YES;
				INFOPLIST_KEY_UIApplicationSupportsIndirectInputEvents = YES;
				INFOPLIST_KEY_UILaunchScreen_Generation = YES;
				INFOPLIST_KEY_UISupportedInterfaceOrientations_iPad = "UIInterfaceOrientationPortrait UIInterfaceOrientationPortraitUpsideDown UIInterfaceOrientationLandscapeLeft UIInterfaceOrientationLandscapeRight";
				INFOPLIST_KEY_UISupportedInterfaceOrientations_iPhone = "UIInterfaceOrientationPortrait UIInterfaceOrientationLandscapeLeft UIInterfaceOrientationLandscapeRight";
				IPHONEOS_DEPLOYMENT_TARGET = 17.0;
				LD_RUNPATH_SEARCH_PATHS = (
					"$(inherited)",
					"@executable_path/Frameworks",
				);
				MARKETING_VERSION = 1.0;
				PRODUCT_BUNDLE_IDENTIFIER = jp.ac.jec.cm2320.KeyChainSample;
				PRODUCT_NAME = "$(TARGET_NAME)";
				SWIFT_EMIT_LOC_STRINGS = YES;
				SWIFT_VERSION = 5.0;
				TARGETED_DEVICE_FAMILY = "1,2";
			};
			name = Release;
		};
		5A4C08B72BAB1DB0006BB5C0 /* Debug */ = {
			isa = XCBuildConfiguration;
			buildSettings = {
				ALWAYS_EMBED_SWIFT_STANDARD_LIBRARIES = YES;
				BUNDLE_LOADER = "$(TEST_HOST)";
				CODE_SIGN_STYLE = Automatic;
				CURRENT_PROJECT_VERSION = 1;
				DEVELOPMENT_TEAM = VQ2YTWN4JZ;
				GENERATE_INFOPLIST_FILE = YES;
				IPHONEOS_DEPLOYMENT_TARGET = 17.2;
				MARKETING_VERSION = 1.0;
				PRODUCT_BUNDLE_IDENTIFIER = jp.ac.jec.cm2320.KeyChainSampleTests;
				PRODUCT_NAME = "$(TARGET_NAME)";
				SWIFT_EMIT_LOC_STRINGS = NO;
				SWIFT_VERSION = 5.0;
				TARGETED_DEVICE_FAMILY = "1,2";
				TEST_HOST = "$(BUILT_PRODUCTS_DIR)/KeyChainSample.app/$(BUNDLE_EXECUTABLE_FOLDER_PATH)/KeyChainSample";
			};
			name = Debug;
		};
		5A4C08B82BAB1DB0006BB5C0 /* Release */ = {
			isa = XCBuildConfiguration;
			buildSettings = {
				ALWAYS_EMBED_SWIFT_STANDARD_LIBRARIES = YES;
				BUNDLE_LOADER = "$(TEST_HOST)";
				CODE_SIGN_STYLE = Automatic;
				CURRENT_PROJECT_VERSION = 1;
				DEVELOPMENT_TEAM = VQ2YTWN4JZ;
				GENERATE_INFOPLIST_FILE = YES;
				IPHONEOS_DEPLOYMENT_TARGET = 17.2;
				MARKETING_VERSION = 1.0;
				PRODUCT_BUNDLE_IDENTIFIER = jp.ac.jec.cm2320.KeyChainSampleTests;
				PRODUCT_NAME = "$(TARGET_NAME)";
				SWIFT_EMIT_LOC_STRINGS = NO;
				SWIFT_VERSION = 5.0;
				TARGETED_DEVICE_FAMILY = "1,2";
				TEST_HOST = "$(BUILT_PRODUCTS_DIR)/KeyChainSample.app/$(BUNDLE_EXECUTABLE_FOLDER_PATH)/KeyChainSample";
			};
			name = Release;
		};
		5A4C08BA2BAB1DB0006BB5C0 /* Debug */ = {
			isa = XCBuildConfiguration;
			buildSettings = {
				ALWAYS_EMBED_SWIFT_STANDARD_LIBRARIES = YES;
				CODE_SIGN_STYLE = Automatic;
				CURRENT_PROJECT_VERSION = 1;
				DEVELOPMENT_TEAM = VQ2YTWN4JZ;
				GENERATE_INFOPLIST_FILE = YES;
				MARKETING_VERSION = 1.0;
				PRODUCT_BUNDLE_IDENTIFIER = jp.ac.jec.cm2320.KeyChainSampleUITests;
				PRODUCT_NAME = "$(TARGET_NAME)";
				SWIFT_EMIT_LOC_STRINGS = NO;
				SWIFT_VERSION = 5.0;
				TARGETED_DEVICE_FAMILY = "1,2";
				TEST_TARGET_NAME = KeyChainSample;
			};
			name = Debug;
		};
		5A4C08BB2BAB1DB0006BB5C0 /* Release */ = {
			isa = XCBuildConfiguration;
			buildSettings = {
				ALWAYS_EMBED_SWIFT_STANDARD_LIBRARIES = YES;
				CODE_SIGN_STYLE = Automatic;
				CURRENT_PROJECT_VERSION = 1;
				DEVELOPMENT_TEAM = VQ2YTWN4JZ;
				GENERATE_INFOPLIST_FILE = YES;
				MARKETING_VERSION = 1.0;
				PRODUCT_BUNDLE_IDENTIFIER = jp.ac.jec.cm2320.KeyChainSampleUITests;
				PRODUCT_NAME = "$(TARGET_NAME)";
				SWIFT_EMIT_LOC_STRINGS = NO;
				SWIFT_VERSION = 5.0;
				TARGETED_DEVICE_FAMILY = "1,2";
				TEST_TARGET_NAME = KeyChainSample;
			};
			name = Release;
		};
/* End XCBuildConfiguration section */

/* Begin XCConfigurationList section */
		5A4C088A2BAB1DAF006BB5C0 /* Build configuration list for PBXProject "KeyChainSample" */ = {
			isa = XCConfigurationList;
			buildConfigurations = (
				5A4C08B12BAB1DB0006BB5C0 /* Debug */,
				5A4C08B22BAB1DB0006BB5C0 /* Release */,
			);
			defaultConfigurationIsVisible = 0;
			defaultConfigurationName = Release;
		};
		5A4C08B32BAB1DB0006BB5C0 /* Build configuration list for PBXNativeTarget "KeyChainSample" */ = {
			isa = XCConfigurationList;
			buildConfigurations = (
				5A4C08B42BAB1DB0006BB5C0 /* Debug */,
				5A4C08B52BAB1DB0006BB5C0 /* Release */,
			);
			defaultConfigurationIsVisible = 0;
			defaultConfigurationName = Release;
		};
		5A4C08B62BAB1DB0006BB5C0 /* Build configuration list for PBXNativeTarget "KeyChainSampleTests" */ = {
			isa = XCConfigurationList;
			buildConfigurations = (
				5A4C08B72BAB1DB0006BB5C0 /* Debug */,
				5A4C08B82BAB1DB0006BB5C0 /* Release */,
			);
			defaultConfigurationIsVisible = 0;
			defaultConfigurationName = Release;
		};
		5A4C08B92BAB1DB0006BB5C0 /* Build configuration list for PBXNativeTarget "KeyChainSampleUITests" */ = {
			isa = XCConfigurationList;
			buildConfigurations = (
				5A4C08BA2BAB1DB0006BB5C0 /* Debug */,
				5A4C08BB2BAB1DB0006BB5C0 /* Release */,
			);
			defaultConfigurationIsVisible = 0;
			defaultConfigurationName = Release;
		};
/* End XCConfigurationList section */
	};
	rootObject = 5A4C08872BAB1DAF006BB5C0 /* Project object */;
}
